
Microsoft Visual Studio Solution File, Format Version 12.00
Project("{2150E333-8FDC-42A3-9474-1A3956D46DE8}") = "src", "src", "{03F70132-3C94-433B-9E8E-5F52C422405C}"
	ProjectSection(SolutionItems) = preProject
		src\Directory.Build.props = src\Directory.Build.props
		src\Directory.Packages.props = src\Directory.Packages.props
	EndProjectSection
EndProject
Project("{FAE04EC0-301F-11D3-BF4B-00C04F79EFBC}") = "DavidHome.Optimizely.VirtualText", "src\DavidHome.Optimizely.VirtualText\DavidHome.Optimizely.VirtualText.csproj", "{92D811F1-C244-4BEC-AD41-97AAEA996058}"
EndProject
Project("{FAE04EC0-301F-11D3-BF4B-00C04F79EFBC}") = "DavidHome.Optimizely.VirtualText.Contracts", "src\DavidHome.Optimizely.VirtualText.Contracts\DavidHome.Optimizely.VirtualText.Contracts.csproj", "{079D1B1E-04EC-4DDC-ADEC-302403F96327}"
EndProject
Project("{FAE04EC0-301F-11D3-BF4B-00C04F79EFBC}") = "DavidHome.Optimizely.VirtualText.Models", "src\DavidHome.Optimizely.VirtualText.Models\DavidHome.Optimizely.VirtualText.Models.csproj", "{D3C0D6B3-363A-4041-B2D9-9D8CEA8BD2A7}"
EndProject
Project("{FAE04EC0-301F-11D3-BF4B-00C04F79EFBC}") = "DavidHome.Optimizely.VirtualText.Location.AzureTable", "src\DavidHome.Optimizely.VirtualText.Location.AzureTable\DavidHome.Optimizely.VirtualText.Location.AzureTable.csproj", "{3ADDAA61-0181-474E-B84F-558361EBD40E}"
EndProject
Project("{FAE04EC0-301F-11D3-BF4B-00C04F79EFBC}") = "DavidHome.Optimizely.VirtualText.Content.AzureBlob", "src\DavidHome.Optimizely.VirtualText.Content.AzureBlob\DavidHome.Optimizely.VirtualText.Content.AzureBlob.csproj", "{64AED842-B9A0-4105-97A2-6EDEE32B984F}"
EndProject
Project("{2150E333-8FDC-42A3-9474-1A3956D46DE8}") = "tests", "tests", "{82A4B821-2BD9-4022-BF51-3A33E7862C6E}"
	ProjectSection(SolutionItems) = preProject
		tests\Directory.Build.props = tests\Directory.Build.props
		tests\Directory.Packages.props = tests\Directory.Packages.props
	EndProjectSection
EndProject
Project("{FAE04EC0-301F-11D3-BF4B-00C04F79EFBC}") = "DavidHome.Optimizely.VirtualText.TestWebsite", "tests\DavidHome.Optimizely.VirtualText.TestWebsite\DavidHome.Optimizely.VirtualText.TestWebsite.csproj", "{EC1147CF-7A43-44BD-9776-43395A5E77E2}"
EndProject
Project("{2150E333-8FDC-42A3-9474-1A3956D46DE8}") = "root", "root", "{26B4C6B3-8582-47DD-9BC8-95EFA2DC32FB}"
	ProjectSection(SolutionItems) = preProject
		.gitlab-ci.yml = .gitlab-ci.yml
	EndProjectSection
EndProject
Project("{FAE04EC0-301F-11D3-BF4B-00C04F79EFBC}") = "DavidHome.Optimizely.VirtualText.Core", "src\DavidHome.Optimizely.VirtualText.Core\DavidHome.Optimizely.VirtualText.Core.csproj", "{411C5DF9-F3E8-4E53-8244-A80B99B25F3F}"
EndProject
Project("{FAE04EC0-301F-11D3-BF4B-00C04F79EFBC}") = "DavidHome.Optimizely.VirtualText.Extensions.RobotsTxt", "src\DavidHome.Optimizely.VirtualText.Extensions.RobotsTxt\DavidHome.Optimizely.VirtualText.Extensions.RobotsTxt.csproj", "{652C9CDF-660E-47E2-8DBC-EA64019288FF}"
EndProject
Project("{FAE04EC0-301F-11D3-BF4B-00C04F79EFBC}") = "DavidHome.Optimizely.VirtualText.Extensions.RobotsTxt.Contracts", "src\DavidHome.Optimizely.VirtualText.Extensions.RobotsTxt.Contracts\DavidHome.Optimizely.VirtualText.Extensions.RobotsTxt.Contracts.csproj", "{4BA50453-F2A9-4593-B1DF-7055445C5404}"
EndProject
Project("{FAE04EC0-301F-11D3-BF4B-00C04F79EFBC}") = "DavidHome.Optimizely.VirtualText.Extensions.RobotsTxt.Storage.AzureTable", "src\DavidHome.Optimizely.VirtualText.Extensions.RobotsTxt.Storage.AzureTable\DavidHome.Optimizely.VirtualText.Extensions.RobotsTxt.Storage.AzureTable.csproj", "{942E791A-86A9-4482-AE69-14C5048DB514}"
EndProject
Project("{FAE04EC0-301F-11D3-BF4B-00C04F79EFBC}") = "DavidHome.Optimizely.VirtualText.Extensions.RobotsTxt.Core", "src\DavidHome.Optimizely.VirtualText.Extensions.RobotsTxt.Core\DavidHome.Optimizely.VirtualText.Extensions.RobotsTxt.Core.csproj", "{7EE4055C-1DA9-4057-8CFC-863AF587F484}"
EndProject
Global
	GlobalSection(SolutionConfigurationPlatforms) = preSolution
		Debug|Any CPU = Debug|Any CPU
		Release|Any CPU = Release|Any CPU
	EndGlobalSection
	GlobalSection(NestedProjects) = preSolution
		{92D811F1-C244-4BEC-AD41-97AAEA996058} = {03F70132-3C94-433B-9E8E-5F52C422405C}
		{079D1B1E-04EC-4DDC-ADEC-302403F96327} = {03F70132-3C94-433B-9E8E-5F52C422405C}
		{D3C0D6B3-363A-4041-B2D9-9D8CEA8BD2A7} = {03F70132-3C94-433B-9E8E-5F52C422405C}
		{3ADDAA61-0181-474E-B84F-558361EBD40E} = {03F70132-3C94-433B-9E8E-5F52C422405C}
		{64AED842-B9A0-4105-97A2-6EDEE32B984F} = {03F70132-3C94-433B-9E8E-5F52C422405C}
		{EC1147CF-7A43-44BD-9776-43395A5E77E2} = {82A4B821-2BD9-4022-BF51-3A33E7862C6E}
		{411C5DF9-F3E8-4E53-8244-A80B99B25F3F} = {03F70132-3C94-433B-9E8E-5F52C422405C}
		{652C9CDF-660E-47E2-8DBC-EA64019288FF} = {03F70132-3C94-433B-9E8E-5F52C422405C}
		{4BA50453-F2A9-4593-B1DF-7055445C5404} = {03F70132-3C94-433B-9E8E-5F52C422405C}
		{942E791A-86A9-4482-AE69-14C5048DB514} = {03F70132-3C94-433B-9E8E-5F52C422405C}
		{7EE4055C-1DA9-4057-8CFC-863AF587F484} = {03F70132-3C94-433B-9E8E-5F52C422405C}
	EndGlobalSection
	GlobalSection(ProjectConfigurationPlatforms) = postSolution
		{92D811F1-C244-4BEC-AD41-97AAEA996058}.Debug|Any CPU.ActiveCfg = Debug|Any CPU
		{92D811F1-C244-4BEC-AD41-97AAEA996058}.Debug|Any CPU.Build.0 = Debug|Any CPU
		{92D811F1-C244-4BEC-AD41-97AAEA996058}.Release|Any CPU.ActiveCfg = Release|Any CPU
		{92D811F1-C244-4BEC-AD41-97AAEA996058}.Release|Any CPU.Build.0 = Release|Any CPU
		{079D1B1E-04EC-4DDC-ADEC-302403F96327}.Debug|Any CPU.ActiveCfg = Debug|Any CPU
		{079D1B1E-04EC-4DDC-ADEC-302403F96327}.Debug|Any CPU.Build.0 = Debug|Any CPU
		{079D1B1E-04EC-4DDC-ADEC-302403F96327}.Release|Any CPU.ActiveCfg = Release|Any CPU
		{079D1B1E-04EC-4DDC-ADEC-302403F96327}.Release|Any CPU.Build.0 = Release|Any CPU
		{D3C0D6B3-363A-4041-B2D9-9D8CEA8BD2A7}.Debug|Any CPU.ActiveCfg = Debug|Any CPU
		{D3C0D6B3-363A-4041-B2D9-9D8CEA8BD2A7}.Debug|Any CPU.Build.0 = Debug|Any CPU
		{D3C0D6B3-363A-4041-B2D9-9D8CEA8BD2A7}.Release|Any CPU.ActiveCfg = Release|Any CPU
		{D3C0D6B3-363A-4041-B2D9-9D8CEA8BD2A7}.Release|Any CPU.Build.0 = Release|Any CPU
		{3ADDAA61-0181-474E-B84F-558361EBD40E}.Debug|Any CPU.ActiveCfg = Debug|Any CPU
		{3ADDAA61-0181-474E-B84F-558361EBD40E}.Debug|Any CPU.Build.0 = Debug|Any CPU
		{3ADDAA61-0181-474E-B84F-558361EBD40E}.Release|Any CPU.ActiveCfg = Release|Any CPU
		{3ADDAA61-0181-474E-B84F-558361EBD40E}.Release|Any CPU.Build.0 = Release|Any CPU
		{64AED842-B9A0-4105-97A2-6EDEE32B984F}.Debug|Any CPU.ActiveCfg = Debug|Any CPU
		{64AED842-B9A0-4105-97A2-6EDEE32B984F}.Debug|Any CPU.Build.0 = Debug|Any CPU
		{64AED842-B9A0-4105-97A2-6EDEE32B984F}.Release|Any CPU.ActiveCfg = Release|Any CPU
		{64AED842-B9A0-4105-97A2-6EDEE32B984F}.Release|Any CPU.Build.0 = Release|Any CPU
		{EC1147CF-7A43-44BD-9776-43395A5E77E2}.Debug|Any CPU.ActiveCfg = Debug|Any CPU
		{EC1147CF-7A43-44BD-9776-43395A5E77E2}.Debug|Any CPU.Build.0 = Debug|Any CPU
		{EC1147CF-7A43-44BD-9776-43395A5E77E2}.Release|Any CPU.ActiveCfg = Release|Any CPU
		{EC1147CF-7A43-44BD-9776-43395A5E77E2}.Release|Any CPU.Build.0 = Release|Any CPU
		{411C5DF9-F3E8-4E53-8244-A80B99B25F3F}.Debug|Any CPU.ActiveCfg = Debug|Any CPU
		{411C5DF9-F3E8-4E53-8244-A80B99B25F3F}.Debug|Any CPU.Build.0 = Debug|Any CPU
		{411C5DF9-F3E8-4E53-8244-A80B99B25F3F}.Release|Any CPU.ActiveCfg = Release|Any CPU
		{411C5DF9-F3E8-4E53-8244-A80B99B25F3F}.Release|Any CPU.Build.0 = Release|Any CPU
		{652C9CDF-660E-47E2-8DBC-EA64019288FF}.Debug|Any CPU.ActiveCfg = Debug|Any CPU
		{652C9CDF-660E-47E2-8DBC-EA64019288FF}.Debug|Any CPU.Build.0 = Debug|Any CPU
		{652C9CDF-660E-47E2-8DBC-EA64019288FF}.Release|Any CPU.ActiveCfg = Release|Any CPU
		{652C9CDF-660E-47E2-8DBC-EA64019288FF}.Release|Any CPU.Build.0 = Release|Any CPU
		{4BA50453-F2A9-4593-B1DF-7055445C5404}.Debug|Any CPU.ActiveCfg = Debug|Any CPU
		{4BA50453-F2A9-4593-B1DF-7055445C5404}.Debug|Any CPU.Build.0 = Debug|Any CPU
		{4BA50453-F2A9-4593-B1DF-7055445C5404}.Release|Any CPU.ActiveCfg = Release|Any CPU
		{4BA50453-F2A9-4593-B1DF-7055445C5404}.Release|Any CPU.Build.0 = Release|Any CPU
		{942E791A-86A9-4482-AE69-14C5048DB514}.Debug|Any CPU.ActiveCfg = Debug|Any CPU
		{942E791A-86A9-4482-AE69-14C5048DB514}.Debug|Any CPU.Build.0 = Debug|Any CPU
		{942E791A-86A9-4482-AE69-14C5048DB514}.Release|Any CPU.ActiveCfg = Release|Any CPU
		{942E791A-86A9-4482-AE69-14C5048DB514}.Release|Any CPU.Build.0 = Release|Any CPU
		{7EE4055C-1DA9-4057-8CFC-863AF587F484}.Debug|Any CPU.ActiveCfg = Debug|Any CPU
		{7EE4055C-1DA9-4057-8CFC-863AF587F484}.Debug|Any CPU.Build.0 = Debug|Any CPU
		{7EE4055C-1DA9-4057-8CFC-863AF587F484}.Release|Any CPU.ActiveCfg = Release|Any CPU
		{7EE4055C-1DA9-4057-8CFC-863AF587F484}.Release|Any CPU.Build.0 = Release|Any CPU
	EndGlobalSection
EndGlobal
