{
  "version": 2,
  "dependencies": {
    "net10.0": {
      "EPiServer.Cms": {
        "type": "Direct",
        "requested": "[13.0.0-preview3, )",
        "resolved": "13.0.0-preview3",
        "contentHash": "FhjfQ+bMnN4auG7q88W58z50p8IHz2vuViNG2MApHf69hg/iieThzLmoYAhVYgGt805lAVGxfewN477qCKBA4A==",
        "dependencies": {
          "Azure.Identity": "1.15.0",
          "Castle.Core": "[5.2.1, 6.0.0)",
          "EPiServer.Cms.AspNetCore.HtmlHelpers": "[13.0.0-preview3]",
          "EPiServer.Cms.AspNetCore.TagHelpers": "[13.0.0-preview3]",
          "EPiServer.Cms.TinyMce": "[13.0.0-preview3]",
          "EPiServer.Cms.UI": "[13.0.0-preview3]",
          "EPiServer.Cms.UI.Admin": "[13.0.0-preview3]",
          "EPiServer.Cms.UI.VisitorGroups": "[13.0.0-preview3]",
          "EPiServer.Hosting": "[13.0.0-preview3]",
          "EPiServer.ImageLibrary.ImageSharp": "[13.0.0-preview3]",
          "EPiServer.Turnstile.Contracts.Hmac": "[4.5.2, 5.0.0)",
          "MailKit": "[4.9.0, 5.0.0)",
          "Microsoft.Data.SqlClient": "[6.1.3, 7.0.0)",
          "Microsoft.Extensions.DependencyModel": "10.0.0",
          "Microsoft.Extensions.Http.Resilience": "10.0.0",
          "Microsoft.IdentityModel.Protocols.OpenIdConnect": "8.15.0",
          "Reinforced.Typings": "[1.6.7, 2.0.0)",
          "SixLabors.ImageSharp": "[3.1.11, 4.0.0)",
          "System.Configuration.ConfigurationManager": "10.0.0",
          "System.IO.Packaging": "10.0.0",
          "System.Security.Permissions": "10.0.0",
          "System.ServiceModel.Syndication": "10.0.0"
        }
      },
      "EPiServer.Cms.UI.AspNetIdentity": {
        "type": "Direct",
        "requested": "[13.0.0-preview3, )",
        "resolved": "13.0.0-preview3",
        "contentHash": "1togKMI/FVOboqzpmDAm8pG9Tt4KZXz9/HtIqGiNfYeHiSHZmHzTMTKEF39w5me6Y6+dFHPee1n/Y4bvR40dZQ==",
        "dependencies": {
          "Azure.Identity": "1.15.0",
          "Castle.Core": "[5.2.1, 6.0.0)",
          "EPiServer.UI": "[13.0.0-preview3]",
          "MailKit": "[4.9.0, 5.0.0)",
          "Microsoft.AspNetCore.Identity.EntityFrameworkCore": "10.0.0",
          "Microsoft.Data.SqlClient": "[6.1.3, 7.0.0)",
          "Microsoft.EntityFrameworkCore.SqlServer": "10.0.0",
          "Microsoft.Extensions.DependencyModel": "10.0.0",
          "Microsoft.IdentityModel.Protocols.OpenIdConnect": "8.15.0",
          "SixLabors.ImageSharp": "[3.1.11, 4.0.0)",
          "System.Configuration.ConfigurationManager": "10.0.0",
          "System.IO.Packaging": "10.0.0",
          "System.Security.Permissions": "10.0.0"
        }
      },
      "EPiServer.Cms.UI.VisitorGroups": {
        "type": "Direct",
        "requested": "[13.0.0-preview3, )",
        "resolved": "13.0.0-preview3",
        "contentHash": "7SZp5h3XOba+Yr5tG5f1fmtao+fHobe6T040jcOrCa8FOAqfjBeKCym3HFZWmcbX33Ym+BZOmd0EHpqdDwAiVA==",
        "dependencies": {
          "Azure.Identity": "1.15.0",
          "Castle.Core": "[5.2.1, 6.0.0)",
          "EPiServer.Cms.Shell.UI": "[13.0.0-preview3]",
          "EPiServer.Turnstile.Contracts.Hmac": "[4.5.2, 5.0.0)",
          "MailKit": "[4.9.0, 5.0.0)",
          "Microsoft.Data.SqlClient": "[6.1.3, 7.0.0)",
          "Microsoft.Extensions.DependencyModel": "10.0.0",
          "Microsoft.Extensions.Http.Resilience": "10.0.0",
          "Microsoft.IdentityModel.Protocols.OpenIdConnect": "8.15.0",
          "SixLabors.ImageSharp": "[3.1.11, 4.0.0)",
          "System.Configuration.ConfigurationManager": "10.0.0",
          "System.IO.Packaging": "10.0.0",
          "System.Security.Permissions": "10.0.0",
          "System.ServiceModel.Syndication": "10.0.0"
        }
      },
      "Microsoft.Extensions.Azure": {
        "type": "Direct",
        "requested": "[1.13.1, )",
        "resolved": "1.13.1",
        "contentHash": "AIP7ud1rcQTRfzgne5Jw0P+zjx8ojGawwRuBVrYWgA/a+TKW3CaoQK/sYUcrbxYSVv6FT8rSwTlMecC0MwEbOQ==",
        "dependencies": {
          "Azure.Core": "1.50.0",
          "Azure.Identity": "1.17.1"
        }
      },
      "Wangkanai.Detection": {
        "type": "Direct",
        "requested": "[8.7.0, )",
        "resolved": "8.7.0",
        "contentHash": "jqn6OqdZKpvtp5C4AjNDJPJP7PI7fC2dt+8xcc4awjOixGAceeaGsRFvo/9vJFBuMI1XAC4agItrm3FlcSHBsQ==",
        "dependencies": {
          "Wangkanai.Hosting": "2.5.0",
          "Wangkanai.System": "3.6.0"
        }
      },
      "Azure.Core": {
        "type": "Transitive",
        "resolved": "1.50.0",
        "contentHash": "GBNKZEhdIbTXxedvD3R7I/yDVFX9jJJEz02kCziFSJxspSQ5RMHc3GktulJ1s7+ffXaXD7kMgrtdQTaggyInLw==",
        "dependencies": {
          "Microsoft.Bcl.AsyncInterfaces": "8.0.0",
          "System.ClientModel": "1.8.0",
          "System.Memory.Data": "8.0.1"
        }
      },
      "Azure.Data.Tables": {
        "type": "Transitive",
        "resolved": "12.0.0",
        "contentHash": "aISYbBzowD/0WDMHi4A1d3/9jm0i/RQd4bIQVbPJGVXS+gWS5s96GQ1Fj5A6wtaRycDhtPHEHaqeaAsYnDzJbA==",
        "dependencies": {
          "Azure.Core": "1.15.0"
        }
      },
      "Azure.Identity": {
        "type": "Transitive",
        "resolved": "1.17.1",
        "contentHash": "MSZkBrctcpiGxs9Cvr2VKKoN6qFLZlP3I6xuCWJ9iTgitI5Rgxtk5gfOSpXPZE3+CJmZ/mnqpQyGyjawFn5Vvg==",
        "dependencies": {
          "Azure.Core": "1.50.0",
          "Microsoft.Identity.Client": "4.78.0",
          "Microsoft.Identity.Client.Extensions.Msal": "4.78.0"
        }
      },
      "Azure.Storage.Blobs": {
        "type": "Transitive",
        "resolved": "12.13.0",
        "contentHash": "h5ZxRwmS/U1NOFwd+MuHJe4To1hEPu/yeBIKS1cbAHTDc+7RBZEjPf1VFeUZsIIuHvU/AzXtcRaph9BHuPRNMQ==",
        "dependencies": {
          "Azure.Storage.Common": "12.12.0"
        }
      },
      "Azure.Storage.Common": {
        "type": "Transitive",
        "resolved": "12.12.0",
        "contentHash": "Ms0XsZ/D9Pcudfbqj+rWeCkhx/ITEq8isY0jkor9JFmDAEHsItFa2XrWkzP3vmJU6EsXQrk4snH63HkW/Jksvg==",
        "dependencies": {
          "Azure.Core": "1.25.0",
          "System.IO.Hashing": "6.0.0"
        }
      },
      "BouncyCastle.Cryptography": {
        "type": "Transitive",
        "resolved": "2.5.0",
        "contentHash": "rc7vRCq/KD3GtIwSgRtjanGaBwTb9nLenFDZnEcauWlssuuEoxcbMfWA3QWWho6QDMSOSkWjs657McdHzEtEcw=="
      },
      "Castle.Core": {
        "type": "Transitive",
        "resolved": "5.2.1",
        "contentHash": "wHARzQA695jwwKreOzNsq54KiGqKP38tv8hi8e2FXDEC/sA6BtrX90tVPDkOfVu13PbEzr00TCV8coikl+D1Iw=="
      },
      "EPiServer": {
        "type": "Transitive",
        "resolved": "13.0.0-preview3",
        "contentHash": "OnQg+eN0bLKeNt5gFcYafl+5KILnT7rYVSqoPRSS5TR/DkzDsEQZGcbxdQh2E24Hvrox7k8urDcBEXYdF2quug==",
        "dependencies": {
          "Azure.Identity": "1.15.0",
          "Castle.Core": "[5.2.1, 6.0.0)",
          "EPiServer.ApplicationModules": "[13.0.0-preview3]",
          "EPiServer.Data": "[13.0.0-preview3]",
          "EPiServer.Events": "[13.0.0-preview3]",
          "EPiServer.Framework": "[13.0.0-preview3]",
          "EPiServer.HtmlParsing": "[13.0.0-preview3]",
          "EPiServer.ImageLibrary": "[13.0.0-preview3]",
          "EPiServer.Licensing": "[13.0.0-preview3]",
          "MailKit": "[4.9.0, 5.0.0)",
          "Microsoft.Data.SqlClient": "[6.1.3, 7.0.0)",
          "Microsoft.Extensions.DependencyModel": "10.0.0",
          "Microsoft.IdentityModel.Protocols.OpenIdConnect": "8.15.0",
          "System.Configuration.ConfigurationManager": "10.0.0",
          "System.IO.Packaging": "10.0.0",
          "System.Security.Permissions": "10.0.0"
        }
      },
      "EPiServer.ApplicationModules": {
        "type": "Transitive",
        "resolved": "13.0.0-preview3",
        "contentHash": "kLlgQRJMM1Ru+eFKynmT2AVuvgETz8+TMETxR3CVmyMzxiOwSa6R6chrhZYOINzff6xRn5fV8bVunQl/5s5VWA==",
        "dependencies": {
          "Azure.Identity": "1.15.0",
          "EPiServer.Data": "[13.0.0-preview3]",
          "EPiServer.Events": "[13.0.0-preview3]",
          "EPiServer.Framework": "[13.0.0-preview3]",
          "EPiServer.Licensing": "[13.0.0-preview3]",
          "Microsoft.Data.SqlClient": "[6.1.3, 7.0.0)",
          "Microsoft.Extensions.DependencyModel": "10.0.0",
          "Microsoft.IdentityModel.Protocols.OpenIdConnect": "8.15.0",
          "System.Configuration.ConfigurationManager": "10.0.0",
          "System.Security.Permissions": "10.0.0"
        }
      },
      "EPiServer.Blobs": {
        "type": "Transitive",
        "resolved": "13.0.0-preview3",
        "contentHash": "EDW4y1WhFm5xBaCeJUY77js3TK2GiiPo+8ZvFcU06+6ClLY2Soa3AeWVPMkeT/Yudip6kKlyveJD9UYzYKaLlA=="
      },
      "EPiServer.Cache": {
        "type": "Transitive",
        "resolved": "13.0.0-preview3",
        "contentHash": "1otv/F1LE3pTrfgJe5kTljAii0mU4GpKHGN+lAhVtS/iyeH97P9iHSljESBX6foxJPSIwOVXJHGZxazWZSR1Zg==",
        "dependencies": {
          "EPiServer.Events": "[13.0.0-preview3]"
        }
      },
      "EPiServer.Cms.AspNetCore": {
        "type": "Transitive",
        "resolved": "13.0.0-preview3",
        "contentHash": "C5p3v9KzJhnmxE+KIMhZqW3iDh3PKyV342/w5iXR54Oan+U4jeWtt5OY1Gwofj+Szq9TGjaQKMGb56QGXJq1EQ==",
        "dependencies": {
          "Azure.Identity": "1.15.0",
          "Castle.Core": "[5.2.1, 6.0.0)",
          "EPiServer.Cms.Core": "[13.0.0-preview3]",
          "EPiServer.Framework.AspNetCore": "[13.0.0-preview3]",
          "MailKit": "[4.9.0, 5.0.0)",
          "Microsoft.Data.SqlClient": "[6.1.3, 7.0.0)",
          "Microsoft.Extensions.DependencyModel": "10.0.0",
          "Microsoft.IdentityModel.Protocols.OpenIdConnect": "8.15.0",
          "System.Configuration.ConfigurationManager": "10.0.0",
          "System.IO.Packaging": "10.0.0",
          "System.Security.Permissions": "10.0.0"
        }
      },
      "EPiServer.Cms.AspNetCore.HtmlHelpers": {
        "type": "Transitive",
        "resolved": "13.0.0-preview3",
        "contentHash": "cfkA2R1SZDO2U7V5tgcXiWbgQpNIHfWyotDShZNif1byQxAunAu8/7MVP8liRmwCxJOAAAfs3m5GHZO5o+QNLg==",
        "dependencies": {
          "Azure.Identity": "1.15.0",
          "Castle.Core": "[5.2.1, 6.0.0)",
          "EPiServer.Cms.AspNetCore.Mvc": "[13.0.0-preview3]",
          "MailKit": "[4.9.0, 5.0.0)",
          "Microsoft.Data.SqlClient": "[6.1.3, 7.0.0)",
          "Microsoft.Extensions.DependencyModel": "10.0.0",
          "Microsoft.IdentityModel.Protocols.OpenIdConnect": "8.15.0",
          "System.Configuration.ConfigurationManager": "10.0.0",
          "System.IO.Packaging": "10.0.0",
          "System.Security.Permissions": "10.0.0"
        }
      },
      "EPiServer.Cms.AspNetCore.Mvc": {
        "type": "Transitive",
        "resolved": "13.0.0-preview3",
        "contentHash": "hy+IuXHk3SxK0AOGc3JZcoDXOhO3zGzeGkEFyn05ThDHnp/vhCh2g1AyQnpfy5tq3goKnkydm1m8mBlE39+0iA==",
        "dependencies": {
          "Azure.Identity": "1.15.0",
          "Castle.Core": "[5.2.1, 6.0.0)",
          "EPiServer.Cms.AspNetCore.Routing": "[13.0.0-preview3]",
          "MailKit": "[4.9.0, 5.0.0)",
          "Microsoft.Data.SqlClient": "[6.1.3, 7.0.0)",
          "Microsoft.Extensions.DependencyModel": "10.0.0",
          "Microsoft.IdentityModel.Protocols.OpenIdConnect": "8.15.0",
          "System.Configuration.ConfigurationManager": "10.0.0",
          "System.IO.Packaging": "10.0.0",
          "System.Security.Permissions": "10.0.0"
        }
      },
      "EPiServer.Cms.AspNetCore.Routing": {
        "type": "Transitive",
        "resolved": "13.0.0-preview3",
        "contentHash": "tExPcUHB5gqrmb51Oe/lGCPfgeWEMMXxsky9cUnUX9Jcbr1fd3nfqzd8fA9qmw3dHIJVCSfa0142PMvdrHZidg==",
        "dependencies": {
          "Azure.Identity": "1.15.0",
          "Castle.Core": "[5.2.1, 6.0.0)",
          "EPiServer.Cms.AspNetCore.Templating": "[13.0.0-preview3]",
          "MailKit": "[4.9.0, 5.0.0)",
          "Microsoft.Data.SqlClient": "[6.1.3, 7.0.0)",
          "Microsoft.Extensions.DependencyModel": "10.0.0",
          "Microsoft.IdentityModel.Protocols.OpenIdConnect": "8.15.0",
          "System.Configuration.ConfigurationManager": "10.0.0",
          "System.IO.Packaging": "10.0.0",
          "System.Security.Permissions": "10.0.0"
        }
      },
      "EPiServer.Cms.AspNetCore.TagHelpers": {
        "type": "Transitive",
        "resolved": "13.0.0-preview3",
        "contentHash": "mlQz28ov8gTyUoQX1p12+29Z/KjUGNtFszqxOSvwoGEF0Ro/JpvmbFkqqpdNrEEuFYDBVh8vw8mt25hVtpn8sg==",
        "dependencies": {
          "Azure.Identity": "1.15.0",
          "Castle.Core": "[5.2.1, 6.0.0)",
          "EPiServer.Cms.AspNetCore.Mvc": "[13.0.0-preview3]",
          "MailKit": "[4.9.0, 5.0.0)",
          "Microsoft.Data.SqlClient": "[6.1.3, 7.0.0)",
          "Microsoft.Extensions.DependencyModel": "10.0.0",
          "Microsoft.IdentityModel.Protocols.OpenIdConnect": "8.15.0",
          "System.Configuration.ConfigurationManager": "10.0.0",
          "System.IO.Packaging": "10.0.0",
          "System.Security.Permissions": "10.0.0"
        }
      },
      "EPiServer.Cms.AspNetCore.Templating": {
        "type": "Transitive",
        "resolved": "13.0.0-preview3",
        "contentHash": "CMFcrk4tyF/Q6Bi1T3mqQiuJvCMDdFl1rWdRtmXaAE0E0/UTKj/AwbejWN7Yk6XFoeGUQ82EYCnG1go+3SR+Bw==",
        "dependencies": {
          "Azure.Identity": "1.15.0",
          "Castle.Core": "[5.2.1, 6.0.0)",
          "EPiServer.Cms.AspNetCore": "[13.0.0-preview3]",
          "MailKit": "[4.9.0, 5.0.0)",
          "Microsoft.Data.SqlClient": "[6.1.3, 7.0.0)",
          "Microsoft.Extensions.DependencyModel": "10.0.0",
          "Microsoft.IdentityModel.Protocols.OpenIdConnect": "8.15.0",
          "System.Configuration.ConfigurationManager": "10.0.0",
          "System.IO.Packaging": "10.0.0",
          "System.Security.Permissions": "10.0.0"
        }
      },
      "EPiServer.Cms.Core": {
        "type": "Transitive",
        "resolved": "13.0.0-preview3",
        "contentHash": "kEo47bOIa6dih4FWvzdFd0TYTgWbdXawfBKj2Ua+iiqiUSeIl1S/yUhjiuG4aQLjDiwlcg4JfAu0a2AT1kCTJg==",
        "dependencies": {
          "Azure.Identity": "1.15.0",
          "Castle.Core": "[5.2.1, 6.0.0)",
          "EPiServer": "[13.0.0-preview3]",
          "EPiServer.Enterprise": "[13.0.0-preview3]",
          "EPiServer.LinkAnalyzer": "[13.0.0-preview3]",
          "MailKit": "[4.9.0, 5.0.0)",
          "Microsoft.Data.SqlClient": "[6.1.3, 7.0.0)",
          "Microsoft.Extensions.DependencyModel": "10.0.0",
          "Microsoft.IdentityModel.Protocols.OpenIdConnect": "8.15.0",
          "System.Configuration.ConfigurationManager": "10.0.0",
          "System.IO.Packaging": "10.0.0",
          "System.Security.Permissions": "10.0.0"
        }
      },
      "EPiServer.Cms.FeatureManagement": {
        "type": "Transitive",
        "resolved": "13.0.0-preview3",
        "contentHash": "tPqWbItjJFox8AMo90F0Gf4eqG0qqlQstfPrnkWf9B7j/oNkJX/iEI5bbM+vkALpTBI6Iv/GPkZ9eBxFeatuIw=="
      },
      "EPiServer.Cms.Shell.UI": {
        "type": "Transitive",
        "resolved": "13.0.0-preview3",
        "contentHash": "bbe7zH8ocPWbfNn6wwdo48tFfCp4Ir6Vq6D4KnYquGwPvcQ38hA+Jri5kBdNyN4VzQBCiewfvMtLWwemxtxRtQ==",
        "dependencies": {
          "Azure.Identity": "1.15.0",
          "Castle.Core": "[5.2.1, 6.0.0)",
          "EPiServer.Cms.AspNetCore.Templating": "[13.0.0-preview3]",
          "EPiServer.LinkAnalyzer": "[13.0.0-preview3]",
          "EPiServer.MachineTranslation": "[13.0.0-preview3]",
          "EPiServer.Turnstile.Contracts.Hmac": "[4.5.2, 5.0.0)",
          "EPiServer.UI": "[13.0.0-preview3]",
          "MailKit": "[4.9.0, 5.0.0)",
          "Microsoft.Data.SqlClient": "[6.1.3, 7.0.0)",
          "Microsoft.Extensions.DependencyModel": "10.0.0",
          "Microsoft.Extensions.Http.Resilience": "10.0.0",
          "Microsoft.IdentityModel.Protocols.OpenIdConnect": "8.15.0",
          "Reinforced.Typings": "[1.6.7, 2.0.0)",
          "SixLabors.ImageSharp": "[3.1.11, 4.0.0)",
          "System.Configuration.ConfigurationManager": "10.0.0",
          "System.IO.Packaging": "10.0.0",
          "System.Security.Permissions": "10.0.0",
          "System.ServiceModel.Syndication": "10.0.0"
        }
      },
      "EPiServer.Cms.TinyMce": {
        "type": "Transitive",
        "resolved": "13.0.0-preview3",
        "contentHash": "4oajNnpPk/uvfyu0myQOEwX1BmHJ1jz4EwI1/ueJCZQO2kR472Ji6Vtsm7j/HJDmvHJz2RP4L9o+M82lX8YOGg==",
        "dependencies": {
          "Azure.Identity": "1.15.0",
          "Castle.Core": "[5.2.1, 6.0.0)",
          "EPiServer.Cms.Shell.UI": "[13.0.0-preview3]",
          "EPiServer.Turnstile.Contracts.Hmac": "[4.5.2, 5.0.0)",
          "MailKit": "[4.9.0, 5.0.0)",
          "Microsoft.Data.SqlClient": "[6.1.3, 7.0.0)",
          "Microsoft.Extensions.DependencyModel": "10.0.0",
          "Microsoft.Extensions.Http.Resilience": "10.0.0",
          "Microsoft.IdentityModel.Protocols.OpenIdConnect": "8.15.0",
          "Reinforced.Typings": "[1.6.7, 2.0.0)",
          "SixLabors.ImageSharp": "[3.1.11, 4.0.0)",
          "System.Configuration.ConfigurationManager": "10.0.0",
          "System.IO.Packaging": "10.0.0",
          "System.Security.Permissions": "10.0.0",
          "System.ServiceModel.Syndication": "10.0.0"
        }
      },
      "EPiServer.Cms.UI": {
        "type": "Transitive",
        "resolved": "13.0.0-preview3",
        "contentHash": "WmvtuZXfw+NSZrkGge/fbkMusTQRfAcLmXfGralo+ItZvts4sUOk4mla/7nvbB0aCqQEHnyjD10PgoN0St3jTw==",
        "dependencies": {
          "Azure.Identity": "1.15.0",
          "Castle.Core": "[5.2.1, 6.0.0)",
          "EPiServer.Cms.UI.Admin": "[13.0.0-preview3]",
          "EPiServer.Cms.UI.Core": "[13.0.0-preview3]",
          "EPiServer.Cms.UI.Settings": "[13.0.0-preview3]",
          "EPiServer.Turnstile.Contracts.Hmac": "[4.5.2, 5.0.0)",
          "MailKit": "[4.9.0, 5.0.0)",
          "Microsoft.Data.SqlClient": "[6.1.3, 7.0.0)",
          "Microsoft.Extensions.DependencyModel": "10.0.0",
          "Microsoft.Extensions.Http.Resilience": "10.0.0",
          "Microsoft.IdentityModel.Protocols.OpenIdConnect": "8.15.0",
          "Reinforced.Typings": "[1.6.7, 2.0.0)",
          "SixLabors.ImageSharp": "[3.1.11, 4.0.0)",
          "System.Configuration.ConfigurationManager": "10.0.0",
          "System.IO.Packaging": "10.0.0",
          "System.Security.Permissions": "10.0.0",
          "System.ServiceModel.Syndication": "10.0.0"
        }
      },
      "EPiServer.Cms.UI.Admin": {
        "type": "Transitive",
        "resolved": "13.0.0-preview3",
        "contentHash": "OXd9Bcwt9//TxCJPjD8TQnv5ymoWFaV/39Bqr3y6szFBJGkYfRnxv56CtKhYqcKX4LJRupxe7Y33emCDQ4IQ7Q==",
        "dependencies": {
          "Azure.Identity": "1.15.0",
          "Castle.Core": "[5.2.1, 6.0.0)",
          "EPiServer.Cms.Shell.UI": "[13.0.0-preview3]",
          "EPiServer.Turnstile.Contracts.Hmac": "[4.5.2, 5.0.0)",
          "MailKit": "[4.9.0, 5.0.0)",
          "Microsoft.Data.SqlClient": "[6.1.3, 7.0.0)",
          "Microsoft.Extensions.DependencyModel": "10.0.0",
          "Microsoft.Extensions.Http.Resilience": "10.0.0",
          "Microsoft.IdentityModel.Protocols.OpenIdConnect": "8.15.0",
          "SixLabors.ImageSharp": "[3.1.11, 4.0.0)",
          "System.Configuration.ConfigurationManager": "10.0.0",
          "System.IO.Packaging": "10.0.0",
          "System.Security.Permissions": "10.0.0",
          "System.ServiceModel.Syndication": "10.0.0"
        }
      },
      "EPiServer.Cms.UI.Core": {
        "type": "Transitive",
        "resolved": "13.0.0-preview3",
        "contentHash": "h27FC5m44b3wH+eL2HjwbPZZiCLhqa2QblueGjYj86cSOUATlGW7Wj19bJkMEA9Hj4TUMpa6RnsVojQxDbWyUw==",
        "dependencies": {
          "Azure.Identity": "1.15.0",
          "Castle.Core": "[5.2.1, 6.0.0)",
          "EPiServer.Cms.Shell.UI": "[13.0.0-preview3]",
          "EPiServer.Shell": "[13.0.0-preview3]",
          "EPiServer.Shell.UI": "[13.0.0-preview3]",
          "EPiServer.Turnstile.Contracts.Hmac": "[4.5.2, 5.0.0)",
          "EPiServer.UI": "[13.0.0-preview3]",
          "MailKit": "[4.9.0, 5.0.0)",
          "Microsoft.Data.SqlClient": "[6.1.3, 7.0.0)",
          "Microsoft.Extensions.DependencyModel": "10.0.0",
          "Microsoft.Extensions.Http.Resilience": "10.0.0",
          "Microsoft.IdentityModel.Protocols.OpenIdConnect": "8.15.0",
          "Reinforced.Typings": "[1.6.7, 2.0.0)",
          "SixLabors.ImageSharp": "[3.1.11, 4.0.0)",
          "System.Configuration.ConfigurationManager": "10.0.0",
          "System.IO.Packaging": "10.0.0",
          "System.Security.Permissions": "10.0.0",
          "System.ServiceModel.Syndication": "10.0.0"
        }
      },
      "EPiServer.Cms.UI.Settings": {
        "type": "Transitive",
        "resolved": "13.0.0-preview3",
        "contentHash": "YAVvFquDo1gTvJNM1H2rHjEyD7nJTEAPxOkFTD2ZSXrGJZLRWUghGvlDQMghV4sjM3Kfc0UyVsTYOVpQe/tRRw==",
        "dependencies": {
          "Azure.Identity": "1.15.0",
          "Castle.Core": "[5.2.1, 6.0.0)",
          "EPiServer.Cms.Shell.UI": "[13.0.0-preview3]",
          "EPiServer.Turnstile.Contracts.Hmac": "[4.5.2, 5.0.0)",
          "MailKit": "[4.9.0, 5.0.0)",
          "Microsoft.Data.SqlClient": "[6.1.3, 7.0.0)",
          "Microsoft.Extensions.DependencyModel": "10.0.0",
          "Microsoft.Extensions.Http.Resilience": "10.0.0",
          "Microsoft.IdentityModel.Protocols.OpenIdConnect": "8.15.0",
          "Reinforced.Typings": "[1.6.7, 2.0.0)",
          "SixLabors.ImageSharp": "[3.1.11, 4.0.0)",
          "System.Configuration.ConfigurationManager": "10.0.0",
          "System.IO.Packaging": "10.0.0",
          "System.Security.Permissions": "10.0.0",
          "System.ServiceModel.Syndication": "10.0.0"
        }
      },
      "EPiServer.Data": {
        "type": "Transitive",
        "resolved": "13.0.0-preview3",
        "contentHash": "oMa7fuCnN35F4eKgMpeSSSVSYF9MwsMK5Og1dywGJWmi9xorZuxNzPpmB0WnLGWMAtxzITJZGs5YZ3Wg44YM7g==",
        "dependencies": {
          "Azure.Identity": "1.15.0",
          "EPiServer.Framework": "[13.0.0-preview3]",
          "Microsoft.Data.SqlClient": "[6.1.3, 7.0.0)",
          "Microsoft.Extensions.DependencyModel": "10.0.0",
          "Microsoft.IdentityModel.Protocols.OpenIdConnect": "8.15.0",
          "System.Configuration.ConfigurationManager": "10.0.0"
        }
      },
      "EPiServer.Enterprise": {
        "type": "Transitive",
        "resolved": "13.0.0-preview3",
        "contentHash": "tvv41HP96QaSvbs9xAjhgntIEJ2J+VFYlsiNUzA5fB/eYZk6WrzFswB2k9hnmQ0NeLF9NpHzVoaZ4ggL6kPaBw==",
        "dependencies": {
          "Azure.Identity": "1.15.0",
          "Castle.Core": "[5.2.1, 6.0.0)",
          "EPiServer": "[13.0.0-preview3]",
          "MailKit": "[4.9.0, 5.0.0)",
          "Microsoft.Data.SqlClient": "[6.1.3, 7.0.0)",
          "Microsoft.Extensions.DependencyModel": "10.0.0",
          "Microsoft.IdentityModel.Protocols.OpenIdConnect": "8.15.0",
          "System.Configuration.ConfigurationManager": "10.0.0",
          "System.IO.Packaging": "10.0.0",
          "System.Security.Permissions": "10.0.0"
        }
      },
      "EPiServer.Events": {
        "type": "Transitive",
        "resolved": "13.0.0-preview3",
        "contentHash": "V7IHOjM06SkacP9AmGVIG06wvGWZnZ7kKS4LysLlmJc7g4Kt47Bee50INgl/9SNIFTKoAwBWw76UPWwdVGX5bw=="
      },
      "EPiServer.Framework": {
        "type": "Transitive",
        "resolved": "13.0.0-preview3",
        "contentHash": "89FLxJR0QOhi46r/p6r03m+PGExtXxGITG+nGvhi0q0BcoIJnWit4K/UUxk2z31qVnS95nxFO0SSt6Rc49B/bQ==",
        "dependencies": {
          "EPiServer.Blobs": "[13.0.0-preview3]",
          "EPiServer.Cache": "[13.0.0-preview3]",
          "EPiServer.Logging": "[13.0.0-preview3]",
          "Microsoft.Extensions.DependencyModel": "10.0.0"
        }
      },
      "EPiServer.Framework.AspNetCore": {
        "type": "Transitive",
        "resolved": "13.0.0-preview3",
        "contentHash": "IAKTHqqxPZMVJqr8k/zW35PRiZbCVJ8Hri87U6mwRy0+uc96rLnN8vG+jBHzjS7Fa9hMgOIfA9hNjAjTWCT37w==",
        "dependencies": {
          "Azure.Identity": "1.15.0",
          "EPiServer.ApplicationModules": "[13.0.0-preview3]",
          "EPiServer.Framework": "[13.0.0-preview3]",
          "EPiServer.Geolocation": "[13.0.0-preview3]",
          "Microsoft.Data.SqlClient": "[6.1.3, 7.0.0)",
          "Microsoft.Extensions.DependencyModel": "10.0.0",
          "Microsoft.IdentityModel.Protocols.OpenIdConnect": "8.15.0",
          "System.Configuration.ConfigurationManager": "10.0.0",
          "System.Security.Permissions": "10.0.0"
        }
      },
      "EPiServer.Geolocation": {
        "type": "Transitive",
        "resolved": "13.0.0-preview3",
        "contentHash": "sv7X7parIn2QSV87ECdAPb65///F8hto1hsyrjv+63Lw5rx0bev3vrT2CLX3QhIYNbWtNXtxlrvJUm2gwIY1Tg=="
      },
      "EPiServer.Hosting": {
        "type": "Transitive",
        "resolved": "13.0.0-preview3",
        "contentHash": "FVCdMaQomqUtLqdmZq/V6Zf+R7P7AbXYeO4pmzVBs3pBSqLfEs9dhrKQXyS1hqETlBSNIEsLMZHmDXuoT4V0NA==",
        "dependencies": {
          "EPiServer.Framework": "[13.0.0-preview3]",
          "Microsoft.Extensions.DependencyModel": "10.0.0"
        }
      },
      "EPiServer.HtmlParsing": {
        "type": "Transitive",
        "resolved": "13.0.0-preview3",
        "contentHash": "CyB92QCUxNtVnWecNqyTCzcWVNxfbrvmw0WE8jVvGG9XVnMLEiSeXmuykAMHKY7qIP+lgeV9DrR1u1Pp326BTQ=="
      },
      "EPiServer.ImageLibrary": {
        "type": "Transitive",
        "resolved": "13.0.0-preview3",
        "contentHash": "lO8DavIVhlsqDfcJn1KMO0eqMPJbasI0NL2XDQ62+TnYCRA5d5fIoAL2771rzQokeUFE4QGxc6FGPXDOrwFFOA=="
      },
      "EPiServer.ImageLibrary.ImageSharp": {
        "type": "Transitive",
        "resolved": "13.0.0-preview3",
        "contentHash": "pk7eLZsSGrPabAiJJVwGH8RnXBrO99TdK1G1E8bru/9jasIp0D3kbqEF37TWfEU6HBxkVwKfNmYtV9469kYABw==",
        "dependencies": {
          "EPiServer.ImageLibrary": "[13.0.0-preview3]",
          "SixLabors.ImageSharp": "[3.1.11, 4.0.0)"
        }
      },
      "EPiServer.Licensing": {
        "type": "Transitive",
        "resolved": "13.0.0-preview3",
        "contentHash": "RaRRt+vjnaI0LXNmy793+Gxl0oCVfOPB/4d7hm8swXJnzogLAqVwrizzMettbwWOIWaqbNJa56hJaiQBvu4QnQ==",
        "dependencies": {
          "System.Security.Permissions": "10.0.0"
        }
      },
      "EPiServer.LinkAnalyzer": {
        "type": "Transitive",
        "resolved": "13.0.0-preview3",
        "contentHash": "ZGyOAP8ayJE7xUKv2mdXG9HFz+ND97NzQ+so2z6Thz4dyAhrEaAHJINE+OA0nNn6Z8yYBPOV1IaAYpcnUWdLgQ==",
        "dependencies": {
          "Azure.Identity": "1.15.0",
          "Castle.Core": "[5.2.1, 6.0.0)",
          "EPiServer": "[13.0.0-preview3]",
          "MailKit": "[4.9.0, 5.0.0)",
          "Microsoft.Data.SqlClient": "[6.1.3, 7.0.0)",
          "Microsoft.Extensions.DependencyModel": "10.0.0",
          "Microsoft.IdentityModel.Protocols.OpenIdConnect": "8.15.0",
          "System.Configuration.ConfigurationManager": "10.0.0",
          "System.IO.Packaging": "10.0.0",
          "System.Security.Permissions": "10.0.0"
        }
      },
      "EPiServer.Logging": {
        "type": "Transitive",
        "resolved": "13.0.0-preview3",
        "contentHash": "GzECI2m0HvPlXKG9KL3JumM60EnaeZYGCWvAoxLXvDK8oyku5i2giQNyBivWoZbwG4q048gRIAYNYo40wb0oXg=="
      },
      "EPiServer.MachineTranslation": {
        "type": "Transitive",
        "resolved": "13.0.0-preview3",
        "contentHash": "pVUw47TvbnpknZDy+iB0iIZsaR5X0j+1wNb/aR1Xkbm9bfSZTvZYNp/6wtAw8MpdOcDOQ1M6zpHvRnV0qQOQKQ==",
        "dependencies": {
          "Azure.Identity": "1.15.0",
          "Castle.Core": "[5.2.1, 6.0.0)",
          "EPiServer": "[13.0.0-preview3]",
          "EPiServer.Framework": "[13.0.0-preview3]",
          "EPiServer.Turnstile.Contracts.Hmac": "[4.5.2, 5.0.0)",
          "MailKit": "[4.9.0, 5.0.0)",
          "Microsoft.Data.SqlClient": "[6.1.3, 7.0.0)",
          "Microsoft.Extensions.DependencyModel": "10.0.0",
          "Microsoft.Extensions.Http.Resilience": "10.0.0",
          "Microsoft.IdentityModel.Protocols.OpenIdConnect": "8.15.0",
          "System.Configuration.ConfigurationManager": "10.0.0",
          "System.IO.Packaging": "10.0.0",
          "System.Security.Permissions": "10.0.0"
        }
      },
      "EPiServer.Shell": {
        "type": "Transitive",
        "resolved": "13.0.0-preview3",
        "contentHash": "JHtIDWp/foMYMvlst4mMbvxThv0OBU/GZeP5NpRwVzH5UatcRULZamasJE9HcIHCN+L7R5QQjV+Fk3kB9w82PQ==",
        "dependencies": {
          "Azure.Identity": "1.15.0",
          "Castle.Core": "[5.2.1, 6.0.0)",
          "EPiServer.Cms.AspNetCore.Routing": "[13.0.0-preview3]",
          "EPiServer.Cms.FeatureManagement": "[13.0.0-preview3]",
          "EPiServer.ImageLibrary.ImageSharp": "[13.0.0-preview3]",
          "MailKit": "[4.9.0, 5.0.0)",
          "Microsoft.Data.SqlClient": "[6.1.3, 7.0.0)",
          "Microsoft.Extensions.DependencyModel": "10.0.0",
          "Microsoft.IdentityModel.Protocols.OpenIdConnect": "8.15.0",
          "SixLabors.ImageSharp": "[3.1.11, 4.0.0)",
          "System.Configuration.ConfigurationManager": "10.0.0",
          "System.IO.Packaging": "10.0.0",
          "System.Security.Permissions": "10.0.0"
        }
      },
      "EPiServer.Shell.UI": {
        "type": "Transitive",
        "resolved": "13.0.0-preview3",
        "contentHash": "Oxvf9D4o24WwwKGwc4Migk/OuPZavhbYvDfvbXLQYPta5Pv56ulrgikamS76UhLLcxyNyNvJdK6cmRrefMambQ==",
        "dependencies": {
          "Azure.Identity": "1.15.0",
          "Castle.Core": "[5.2.1, 6.0.0)",
          "EPiServer.Shell": "[13.0.0-preview3]",
          "EPiServer.Telemetry": "[13.0.0-preview3]",
          "MailKit": "[4.9.0, 5.0.0)",
          "Microsoft.Data.SqlClient": "[6.1.3, 7.0.0)",
          "Microsoft.Extensions.DependencyModel": "10.0.0",
          "Microsoft.IdentityModel.Protocols.OpenIdConnect": "8.15.0",
          "SixLabors.ImageSharp": "[3.1.11, 4.0.0)",
          "System.Configuration.ConfigurationManager": "10.0.0",
          "System.IO.Packaging": "10.0.0",
          "System.Security.Permissions": "10.0.0"
        }
      },
      "EPiServer.Telemetry": {
        "type": "Transitive",
        "resolved": "13.0.0-preview3",
        "contentHash": "cPHbIcJ5x2q0R3lHFoZ69em7TKspo+hl/8i2av+rGKxWFGd3f7CUsNM8iB6QcrxuyKW8IYH2tVTAF5Ptsg5cBg=="
      },
      "EPiServer.Turnstile.Contracts.Hmac": {
        "type": "Transitive",
        "resolved": "4.5.2",
        "contentHash": "4XaiYbN33wdfBOv98u8o42BDfJ0LBxWLK7kjym2rxzMg3/po21Rnzp/O0gI9PhGW9egFaHbbU9vfMCX2tj+4pQ=="
      },
      "EPiServer.UI": {
        "type": "Transitive",
        "resolved": "13.0.0-preview3",
        "contentHash": "j3HS8y8dzDEOeR2PUlHzF97rWoUDxcUKba7Co3AKJyRDCMgzBWfpR1BSHSSZ6hwqb+/c7DVY5XI/3AidVB1ehw==",
        "dependencies": {
          "Azure.Identity": "1.15.0",
          "Castle.Core": "[5.2.1, 6.0.0)",
          "EPiServer.Shell.UI": "[13.0.0-preview3]",
          "MailKit": "[4.9.0, 5.0.0)",
          "Microsoft.Data.SqlClient": "[6.1.3, 7.0.0)",
          "Microsoft.Extensions.DependencyModel": "10.0.0",
          "Microsoft.IdentityModel.Protocols.OpenIdConnect": "8.15.0",
          "SixLabors.ImageSharp": "[3.1.11, 4.0.0)",
          "System.Configuration.ConfigurationManager": "10.0.0",
          "System.IO.Packaging": "10.0.0",
          "System.Security.Permissions": "10.0.0"
        }
      },
      "JetBrains.Annotations": {
        "type": "Transitive",
        "resolved": "2023.2.0",
        "contentHash": "dvO//8aLmLRsCVVgoc/7qBqi2/y4BTyRcg20LCBWtK4n6E9Um06Zp7jF1n0hOE+yqBHwcrDzAjWvCaM3qH8flg=="
      },
      "MailKit": {
        "type": "Transitive",
        "resolved": "4.9.0",
        "contentHash": "wRUVzYXRWbjdUixwtSp7ivVHPhWw17h+BvwIVaouBike68B56Xk9b5+QRT39EK/QN8XF7MtOgt9caHvUaCvhIQ==",
        "dependencies": {
          "MimeKit": "4.9.0"
        }
      },
      "Microsoft.AspNetCore.Identity.EntityFrameworkCore": {
        "type": "Transitive",
        "resolved": "10.0.0",
        "contentHash": "mH1+58nbX5RWSd8hajSnXSdpQ1MN3oca488Zd+DvKX2nPTAyTVNRzubMV06BmPcjOZ9waLr/AjwcNiCQ8bCscQ==",
        "dependencies": {
          "Microsoft.EntityFrameworkCore.Relational": "10.0.0"
        }
      },
      "Microsoft.Bcl.AsyncInterfaces": {
        "type": "Transitive",
        "resolved": "8.0.0",
        "contentHash": "3WA9q9yVqJp222P3x1wYIGDAkpjAku0TMUaaQV22g6L67AI0LdOIrVS7Ht2vJfLHGSPVuqN94vIr15qn+HEkHw=="
      },
      "Microsoft.Bcl.Cryptography": {
        "type": "Transitive",
        "resolved": "9.0.4",
        "contentHash": "YgZYAWzyNuPVtPq6WNm0bqOWNjYaWgl5mBWTGZyNoXitYBUYSp6iUB9AwK0V1mo793qRJUXz2t6UZrWITZSvuQ=="
      },
      "Microsoft.Data.SqlClient": {
        "type": "Transitive",
        "resolved": "6.1.3",
        "contentHash": "ys/z8Tx8074CDU20EilNvBRJuJdwKSthpHkzUpt3JghnjB6GjbZusoOcCtNbhPCCWsEJqN8bxaT7HnS3UZuUDQ==",
        "dependencies": {
          "Azure.Core": "1.47.1",
          "Azure.Identity": "1.14.2",
          "Microsoft.Bcl.Cryptography": "9.0.4",
          "Microsoft.Data.SqlClient.SNI.runtime": "6.0.2",
          "Microsoft.IdentityModel.JsonWebTokens": "7.7.1",
          "Microsoft.IdentityModel.Protocols.OpenIdConnect": "7.7.1",
          "Microsoft.SqlServer.Server": "1.0.0",
          "System.Configuration.ConfigurationManager": "9.0.4",
          "System.Security.Cryptography.Pkcs": "9.0.4"
        }
      },
      "Microsoft.Data.SqlClient.SNI.runtime": {
        "type": "Transitive",
        "resolved": "6.0.2",
        "contentHash": "f+pRODTWX7Y67jXO3T5S2dIPZ9qMJNySjlZT/TKmWVNWe19N8jcWmHaqHnnchaq3gxEKv1SWVY5EFzOD06l41w=="
      },
      "Microsoft.EntityFrameworkCore": {
        "type": "Transitive",
        "resolved": "10.0.0",
        "contentHash": "hHa2amRjMyBLUH/KTML6FgIAhZ0VFYkhCKwWEax0rO6iNeM1P5MflyeQLE5dniSIOZHc3Oqyv5UIyTFO4e1Auw==",
        "dependencies": {
          "Microsoft.EntityFrameworkCore.Abstractions": "10.0.0",
          "Microsoft.EntityFrameworkCore.Analyzers": "10.0.0"
        }
      },
      "Microsoft.EntityFrameworkCore.Abstractions": {
        "type": "Transitive",
        "resolved": "10.0.0",
        "contentHash": "C+TT9k7f1GQ8agOfV512K9iwrzi76RXVSDiLx+iWC9pz3QhEpSF1Dyk+FpVvd8ULQ+rqymfM8KQ7g48ttQVyMg=="
      },
      "Microsoft.EntityFrameworkCore.Analyzers": {
        "type": "Transitive",
        "resolved": "10.0.0",
        "contentHash": "TxHQq0kn0tpYs2ljeRl8jtmWk720B0nteqI6mAZM77HWJpYT9Zj8SkkBBlj8K3Yeq18a6NBjz6YutE+shEk4Ag=="
      },
      "Microsoft.EntityFrameworkCore.Relational": {
        "type": "Transitive",
        "resolved": "10.0.0",
        "contentHash": "A3MX1ee7RDxWCUdx/KqP+74fbksz0UIhkVZh56YHvbPkEKsffCXgHU3LGkRDwqR/MrBNWLCWC/IVX79tzM30ZA==",
        "dependencies": {
          "Microsoft.EntityFrameworkCore": "10.0.0"
        }
      },
      "Microsoft.EntityFrameworkCore.SqlServer": {
        "type": "Transitive",
        "resolved": "10.0.0",
        "contentHash": "9ip+r8Wtu0qNtFLYnQC3bkhQAsINIyo8XWYJHCVY22BFLxIT4rPxZPkbto56SjCnkwxS6nnbFZTU6KuAO2Nu1g==",
        "dependencies": {
          "Microsoft.Data.SqlClient": "6.1.1",
          "Microsoft.EntityFrameworkCore.Relational": "10.0.0"
        }
      },
      "Microsoft.Extensions.AmbientMetadata.Application": {
        "type": "Transitive",
        "resolved": "10.0.0",
        "contentHash": "bqA2KZIknwyE9DCKEe3qvmr7odWRHmcMHlBwGvIPdFyaaxedeIQrELs+ryUgHHtgYK6TfK82jEMwBpJtERST6A=="
      },
      "Microsoft.Extensions.Compliance.Abstractions": {
        "type": "Transitive",
        "resolved": "10.0.0",
        "contentHash": "dfJxd9USR8BbRzZZPWVoqFVVESJRTUh2tn6TmSPQsJ2mJjvGsGJGlELM9vctAfgthajBicRZ9zzxsu6s4VUmMQ=="
      },
      "Microsoft.Extensions.DependencyInjection.AutoActivation": {
        "type": "Transitive",
        "resolved": "10.0.0",
        "contentHash": "5t17Z77ysTmEla9/xUiOJLYLc8/9OyzlZJRxjTaSyiCi0mEroR0PwldKZsfwFLUOMSaNP6vngptYFbw7stO0rw=="
      },
      "Microsoft.Extensions.DependencyModel": {
        "type": "Transitive",
        "resolved": "10.0.0",
        "contentHash": "RFYJR7APio/BiqdQunRq6DB+nDB6nc2qhHr77mlvZ0q0BT8PubMXN7XicmfzCbrDE/dzhBnUKBRXLTcqUiZDGg=="
      },
      "Microsoft.Extensions.Diagnostics.ExceptionSummarization": {
        "type": "Transitive",
        "resolved": "10.0.0",
        "contentHash": "rfirztoSX5INXWX6YJ1iwTPfmsl53c3t3LN7rjOXbt5w5e0CmGVaUHYhABYq+rn+d+w0HWqgMiQubOZeirUAfw=="
      },
      "Microsoft.Extensions.Http.Diagnostics": {
        "type": "Transitive",
        "resolved": "10.0.0",
        "contentHash": "Ll00tZzMmIO9wnA0JCqsmuDHfT1YXmtiGnpazZpAilwS/ro0gf8JIqgWOy6cLfBNDxFruaJhhvTKdLSlgcomHw==",
        "dependencies": {
          "Microsoft.Extensions.Telemetry": "10.0.0"
        }
      },
      "Microsoft.Extensions.Http.Resilience": {
        "type": "Transitive",
        "resolved": "10.0.0",
        "contentHash": "Mn/diApGtdtz83Mi+XO57WhO+FsiSScfjUsIU/h8nryh3pkUNZGhpUx22NtuOxgYSsrYfODgOa2QMtIQAOv/dA==",
        "dependencies": {
          "Microsoft.Extensions.Http.Diagnostics": "10.0.0",
          "Microsoft.Extensions.Resilience": "10.0.0"
        }
      },
      "Microsoft.Extensions.Resilience": {
        "type": "Transitive",
        "resolved": "10.0.0",
        "contentHash": "EPW15dqrBiqkD6YE4XVWivGMXTTPE3YAmXJ32wr1k8E1l7veEYUHwzetOonV76GTe4oJl1np3AXYFnCRpBYU+w==",
        "dependencies": {
          "Microsoft.Extensions.Diagnostics.ExceptionSummarization": "10.0.0",
          "Microsoft.Extensions.Telemetry.Abstractions": "10.0.0",
          "Polly.Extensions": "8.4.2",
          "Polly.RateLimiting": "8.4.2"
        }
      },
      "Microsoft.Extensions.Telemetry": {
        "type": "Transitive",
        "resolved": "10.0.0",
        "contentHash": "dII0Kuh699xBMBmK7oLJNNXmJ+kMRcpabil/VbAtO08zjSNQPb/dk/kBI6sVfWw20po1J/up03SAYeLKPc3LEg==",
        "dependencies": {
          "Microsoft.Extensions.AmbientMetadata.Application": "10.0.0",
          "Microsoft.Extensions.DependencyInjection.AutoActivation": "10.0.0",
          "Microsoft.Extensions.Telemetry.Abstractions": "10.0.0"
        }
      },
      "Microsoft.Extensions.Telemetry.Abstractions": {
        "type": "Transitive",
        "resolved": "10.0.0",
        "contentHash": "M17n6IpgutodXxwTZk1r5Jp2ZZ995FJTKMxiEQSr6vT3iwRfRq2HWzzrR1B6N3MpJhDfI2QuMdCOLUq++GCsQg==",
        "dependencies": {
          "Microsoft.Extensions.Compliance.Abstractions": "10.0.0"
        }
      },
      "Microsoft.Identity.Client": {
        "type": "Transitive",
        "resolved": "4.78.0",
        "contentHash": "vZ50HE9INSN+Ew8pCgTm0t7wzxQTqozF9L4MAsl64etXz0Teo0dbUvjpVzqDHRs6m1Vn8mHF04fGaxXrIvGpsg==",
        "dependencies": {
          "Microsoft.IdentityModel.Abstractions": "8.14.0"
        }
      },
      "Microsoft.Identity.Client.Extensions.Msal": {
        "type": "Transitive",
        "resolved": "4.78.0",
        "contentHash": "DYU9o+DrDQuyZxeq91GBA9eNqBvA3ZMkLzQpF7L9dTk6FcIBM1y1IHXWqiKXTvptPF7CZE59upbyUoa+FJ5eiA==",
        "dependencies": {
          "Microsoft.Identity.Client": "4.78.0",
          "System.Security.Cryptography.ProtectedData": "4.5.0"
        }
      },
      "Microsoft.IdentityModel.Abstractions": {
        "type": "Transitive",
        "resolved": "8.15.0",
        "contentHash": "e/DApa1GfxUqHSBHcpiQg8yaghKAvFVBQFcWh25jNoRobDZbduTUACY8bZ54eeGWXvimGmEDdF0zkS5Dq16XPQ=="
      },
      "Microsoft.IdentityModel.JsonWebTokens": {
        "type": "Transitive",
        "resolved": "8.15.0",
        "contentHash": "3513f5VzvOZy3ELd42wGnh1Q3e83tlGAuXFSNbENpgWYoAhLLzgFtd5PiaOPGAU0gqKhYGVzKavghLUGfX3HQg==",
        "dependencies": {
          "Microsoft.IdentityModel.Tokens": "8.15.0"
        }
      },
      "Microsoft.IdentityModel.Logging": {
        "type": "Transitive",
        "resolved": "8.15.0",
        "contentHash": "1gJLjhy0LV2RQMJ9NGzi5Tnb2l+c37o8D8Lrk2mrvmb6OQHZ7XJstd/XxvncXgBpad4x9CGXdipbZzJJCXKyAg==",
        "dependencies": {
          "Microsoft.IdentityModel.Abstractions": "8.15.0"
        }
      },
      "Microsoft.IdentityModel.Protocols": {
        "type": "Transitive",
        "resolved": "8.15.0",
        "contentHash": "n4t/m/zpd8rx/nqMqnKmbDqDjqy404JQ+3TYrSXEn7Otw5Vfg6Hmk3tK8SyeAlTzLGC1gVrjt9awPFVBE1tUGQ==",
        "dependencies": {
          "Microsoft.IdentityModel.Tokens": "8.15.0"
        }
      },
      "Microsoft.IdentityModel.Protocols.OpenIdConnect": {
        "type": "Transitive",
        "resolved": "8.15.0",
        "contentHash": "uJ5cHsTHRqx/1W68Gz/7hqUgudai1CXnokIXTQw+ZI1o3hWuhQa1vgSzXX9+IAkOJ/gP+M590Fg3WTwqglJghg==",
        "dependencies": {
          "Microsoft.IdentityModel.Protocols": "8.15.0",
          "System.IdentityModel.Tokens.Jwt": "8.15.0"
        }
      },
      "Microsoft.IdentityModel.Tokens": {
        "type": "Transitive",
        "resolved": "8.15.0",
        "contentHash": "zUE9ysJXBtXlHHRtcRK3Sp8NzdCI1z/BRDTXJQ2TvBoI0ENRtnufYIep0O5TSCJRJGDwwuLTUx+l/bEYZUxpCA==",
        "dependencies": {
          "Microsoft.IdentityModel.Logging": "8.15.0"
        }
      },
      "Microsoft.SqlServer.Server": {
        "type": "Transitive",
        "resolved": "1.0.0",
        "contentHash": "N4KeF3cpcm1PUHym1RmakkzfkEv3GRMyofVv40uXsQhCQeglr2OHNcUk2WOG51AKpGO8ynGpo9M/kFXSzghwug=="
      },
      "MimeKit": {
        "type": "Transitive",
        "resolved": "4.9.0",
        "contentHash": "DZXXMZzmAABDxFhOSMb6SE8KKxcRd/sk1E6aJTUE5ys2FWOQhznYV2Gl3klaaSfqKn27hQ32haqquH1J8Z6kJw==",
        "dependencies": {
          "BouncyCastle.Cryptography": "2.5.0",
          "System.Security.Cryptography.Pkcs": "8.0.1"
        }
      },
      "Polly.Core": {
        "type": "Transitive",
        "resolved": "8.4.2",
        "contentHash": "BpE2I6HBYYA5tF0Vn4eoQOGYTYIK1BlF5EXVgkWGn3mqUUjbXAr13J6fZVbp7Q3epRR8yshacBMlsHMhpOiV3g=="
      },
      "Polly.Extensions": {
        "type": "Transitive",
        "resolved": "8.4.2",
        "contentHash": "GZ9vRVmR0jV2JtZavt+pGUsQ1O1cuRKG7R7VOZI6ZDy9y6RNPvRvXK1tuS4ffUrv8L0FTea59oEuQzgS0R7zSA==",
        "dependencies": {
          "Polly.Core": "8.4.2"
        }
      },
      "Polly.RateLimiting": {
        "type": "Transitive",
        "resolved": "8.4.2",
        "contentHash": "ehTImQ/eUyO07VYW2WvwSmU9rRH200SKJ/3jku9rOkyWE0A2JxNFmAVms8dSn49QLSjmjFRRSgfNyOgr/2PSmA==",
        "dependencies": {
          "Polly.Core": "8.4.2"
        }
      },
      "Reinforced.Typings": {
        "type": "Transitive",
        "resolved": "1.6.7",
        "contentHash": "5CmAqyjo8TD1y26chOoZ9WQHd5PSHMy1tRX2KuScU82TKoye8XPJTrA0ocjD8839xqLNncyow39x8kpv19wFlQ=="
      },
      "SixLabors.ImageSharp": {
        "type": "Transitive",
        "resolved": "3.1.11",
        "contentHash": "JfPLyigLthuE50yi6tMt7Amrenr/fA31t2CvJyhy/kQmfulIBAqo5T/YFUSRHtuYPXRSaUHygFeh6Qd933EoSw=="
      },
      "System.ClientModel": {
        "type": "Transitive",
        "resolved": "1.8.0",
        "contentHash": "AqRzhn0v29GGGLj/Z6gKq4lGNtvPHT4nHdG5PDJh9IfVjv/nYUVmX11hwwws1vDFeIAzrvmn0dPu8IjLtu6fAw==",
        "dependencies": {
          "System.Memory.Data": "8.0.1"
        }
      },
      "System.Configuration.ConfigurationManager": {
        "type": "Transitive",
        "resolved": "10.0.0",
        "contentHash": "0B+BzJ6pPMrRzJrVsttKf9MfDj6Syw9xoY+agcS9VssYQali1446+jTf5v1K94AMFUBxLXqDZlaTjO5edaI3jA==",
        "dependencies": {
          "System.Security.Cryptography.ProtectedData": "10.0.0"
        }
      },
      "System.IdentityModel.Tokens.Jwt": {
        "type": "Transitive",
        "resolved": "8.15.0",
        "contentHash": "dpodi7ixz6hxK8YCBYAWzm0IA8JYXoKcz0hbCbNifo519//rjUI0fBD8rfNr+IGqq+2gm4oQoXwHk09LX5SqqQ==",
        "dependencies": {
          "Microsoft.IdentityModel.JsonWebTokens": "8.15.0",
          "Microsoft.IdentityModel.Tokens": "8.15.0"
        }
      },
      "System.IO.Hashing": {
        "type": "Transitive",
        "resolved": "6.0.0",
        "contentHash": "Rfm2jYCaUeGysFEZjDe7j1R4x6Z6BzumS/vUT5a1AA/AWJuGX71PoGB0RmpyX3VmrGqVnAwtfMn39OHR8Y/5+g=="
      },
      "System.IO.Packaging": {
        "type": "Transitive",
        "resolved": "10.0.0",
        "contentHash": "b9T8htKhiQ1ufCLhLQdb5NPGvhUSnT2/5GXMbaB7xk1dxMB17dGVMA4D6hpavyeSW97blOfYfTaAcSz4o2mQBA=="
      },
      "System.Memory.Data": {
        "type": "Transitive",
        "resolved": "8.0.1",
        "contentHash": "BVYuec3jV23EMRDeR7Dr1/qhx7369dZzJ9IWy2xylvb4YfXsrUxspWc4UWYid/tj4zZK58uGZqn2WQiaDMhmAg=="
      },
      "System.Security.Cryptography.Pkcs": {
        "type": "Transitive",
        "resolved": "9.0.4",
        "contentHash": "cUFTcMlz/Qw9s90b2wnWSCvHdjv51Bau9FQqhsr4TlwSe1OX+7SoXUqphis5G74MLOvMOCghxPPlEqOdCrVVGA=="
      },
      "System.Security.Cryptography.ProtectedData": {
        "type": "Transitive",
        "resolved": "10.0.0",
        "contentHash": "qy6C3gQRTrfhFfuiIYU1jNwWfFdJpBVo1BARW7jgMm1zTEm3LRzLLyOLJGaAuKE+nZCGkEP71y4rj9NWjqLGdQ=="
      },
      "System.Security.Permissions": {
        "type": "Transitive",
        "resolved": "10.0.0",
        "contentHash": "phfAYbiBkzdAF9ps7rJ8PQ3h52uY4xOnBs6Wern+ljdz3Fq3YIUezZDQIXl6+p8sbotkzltvESq+7PglxlEyuw==",
        "dependencies": {
          "System.Windows.Extensions": "10.0.0"
        }
      },
      "System.ServiceModel.Syndication": {
        "type": "Transitive",
        "resolved": "10.0.0",
        "contentHash": "HBrGaOQoEaDlMOykS/LfQr9BZ0pEF4SOcscH5oMpBF46+lqMMfgfat3Jm5SpW8IaDzzn/IakYjpWk3bEGSh1vA=="
      },
      "System.Windows.Extensions": {
        "type": "Transitive",
        "resolved": "10.0.0",
        "contentHash": "W2xPfgCUO83kPEtfkSsXpHT9KX4YiajDgtuJhjfOY18u58vMGyoBG44QIQCs2nTugmzsm506S/ur29k1WpE9+w=="
      },
      "Wangkanai.Hosting": {
        "type": "Transitive",
        "resolved": "2.5.0",
        "contentHash": "KYEmevTENC90a44lqt4NdceACX512sLvlWbxHVlh5YS9PmvErhmcMGMdpi6o284JDcqNNwP7fy2bL7hb0orKBQ==",
        "dependencies": {
          "Wangkanai.System": "3.6.0"
        }
      },
      "Wangkanai.System": {
        "type": "Transitive",
        "resolved": "3.6.0",
        "contentHash": "RK9okGSSxdE+PxhWV9+H4sf9iJ+MkTCtziSTv75EiiC0OW4THTKi9eNTKFwH8motx1IVEnQ0fWuyR7/mkhmNNw==",
        "dependencies": {
          "JetBrains.Annotations": "2023.2.0"
        }
      },
      "davidhome.optimizely.virtualtext": {
        "type": "Project",
        "dependencies": {
          "DavidHome.Optimizely.VirtualText.Core": "[1.0.0, )",
          "EPiServer.CMS.UI.Core": "[13.0.0-preview2, 13.0.0)"
        }
      },
      "davidhome.optimizely.virtualtext.content.azureblob": {
        "type": "Project",
        "dependencies": {
          "Azure.Storage.Blobs": "[12.13.0, 13.0.0)",
          "DavidHome.Optimizely.VirtualText.Contracts": "[1.0.0, )",
          "Microsoft.Extensions.Azure": "[1.0.0, 2.0.0)"
        }
      },
      "davidhome.optimizely.virtualtext.contracts": {
        "type": "Project",
        "dependencies": {
          "DavidHome.Optimizely.VirtualText.Models": "[1.0.0, )"
        }
      },
      "davidhome.optimizely.virtualtext.core": {
        "type": "Project",
        "dependencies": {
          "DavidHome.Optimizely.VirtualText.Contracts": "[1.0.0, )",
          "DavidHome.Optimizely.VirtualText.Models": "[1.0.0, )",
          "EPiServer.CMS.AspNetCore.Mvc": "[13.0.0-preview2, 13.0.0)"
        }
      },
      "davidhome.optimizely.virtualtext.extensions.robotstxt": {
        "type": "Project",
        "dependencies": {
          "DavidHome.Optimizely.VirtualText": "[1.0.0, )",
          "DavidHome.Optimizely.VirtualText.Extensions.RobotsTxt.Core": "[1.0.0, )",
          "EPiServer.CMS.UI.Core": "[13.0.0-preview2, 13.0.0)"
        }
      },
      "davidhome.optimizely.virtualtext.extensions.robotstxt.contracts": {
        "type": "Project"
      },
      "davidhome.optimizely.virtualtext.extensions.robotstxt.core": {
        "type": "Project",
        "dependencies": {
          "DavidHome.Optimizely.VirtualText.Contracts": "[1.0.0, )",
          "DavidHome.Optimizely.VirtualText.Extensions.RobotsTxt.Contracts": "[1.0.0, )"
        }
      },
      "davidhome.optimizely.virtualtext.extensions.robotstxt.storage.azuretable": {
        "type": "Project",
        "dependencies": {
          "Azure.Data.Tables": "[12.0.0, 13.0.0)",
          "DavidHome.Optimizely.VirtualText.Contracts": "[1.0.0, )",
          "DavidHome.Optimizely.VirtualText.Extensions.RobotsTxt.Contracts": "[1.0.0, )",
          "Microsoft.Extensions.Azure": "[1.0.0, 2.0.0)"
        }
      },
      "davidhome.optimizely.virtualtext.location.azuretable": {
        "type": "Project",
        "dependencies": {
          "Azure.Data.Tables": "[12.0.0, 13.0.0)",
          "DavidHome.Optimizely.VirtualText.Contracts": "[1.0.0, )",
          "Microsoft.Extensions.Azure": "[1.0.0, 2.0.0)"
        }
      },
      "davidhome.optimizely.virtualtext.models": {
        "type": "Project"
      }
    }
  }
}